{
    "_readme": [
        "This file locks the dependencies of your project to a known state",
        "Read more about it at https://getcomposer.org/doc/01-basic-usage.md#installing-dependencies",
        "This file is @generated automatically"
    ],
    "content-hash": "21157b9140190f63516177d101764192",
    "packages": [
        {
            "name": "shardj/zf1-future",
            "version": "1.19.1",
            "source": {
                "type": "git",
                "url": "https://github.com/Shardj/zf1-future.git",
                "reference": "55cdcb8e930a82abab02de1fdf3f7f72dea094d9"
            },
            "dist": {
                "type": "zip",
                "url": "https://api.github.com/repos/Shardj/zf1-future/zipball/55cdcb8e930a82abab02de1fdf3f7f72dea094d9",
                "reference": "55cdcb8e930a82abab02de1fdf3f7f72dea094d9",
                "shasum": ""
            },
            "require": {
                "php": ">=7.0"
            },
            "replace": {
                "zendframework/zendframework1": ">=1.12.20"
            },
            "require-dev": {
                "php-parallel-lint/php-parallel-lint": "1.0.0",
                "phpunit/dbunit": "1.3.*",
                "zf1s/phpunit": "3.7.39"
            },
            "type": "library",
            "extra": {
                "branch-alias": {
                    "dev-master": "1.12.x-dev"
                }
            },
            "autoload": {
                "psr-0": {
                    "Zend_": "library/"
                }
            },
            "notification-url": "https://packagist.org/downloads/",
            "include-path": [
                "library/"
            ],
            "license": [
                "BSD-3-Clause"
            ],
            "description": "Zend Framework 1. The aim is to keep ZF1 working with the latest PHP versions",
            "homepage": "http://framework.zend.com/",
            "keywords": [
                "ZF1",
                "framework"
            ],
            "support": {
                "issues": "https://github.com/Shardj/zf1-future/issues",
                "source": "https://github.com/Shardj/zf1-future/tree/release-1.19.1"
            },
            "time": "2021-03-01T17:36:35+00:00"
        }
    ],
    "packages-dev": [],
    "aliases": [],
    "minimum-stability": "stable",
    "stability-flags": [],
    "prefer-stable": false,
    "prefer-lowest": false,
    "platform": {
        "php": ">=7.0"
    },
    "platform-dev": [],
    "plugin-api-version": "2.0.0"
}
